
Microsoft Visual Studio Solution File, Format Version 12.00
# Visual Studio Version 16
VisualStudioVersion = 16.0.29926.136
MinimumVisualStudioVersion = 10.0.40219.1
Project("{9A19103F-16F7-4668-BE54-9A1E7A4F7556}") = "RhombusOfStars", "RhombusOfStars\RhombusOfStars.csproj", "{919B2C3A-1E63-46D8-8557-D7D26704609C}"
EndProject
Project("{9A19103F-16F7-4668-BE54-9A1E7A4F7556}") = "PointInRectangle", "PointInRectangle\PointInRectangle.csproj", "{D69C2C3D-3FA3-4375-AEE8-D983FF2E5CA4}"
EndProject
Project("{9A19103F-16F7-4668-BE54-9A1E7A4F7556}") = "StudentSystem", "StudentSystem\StudentSystem.csproj", "{DB68B1B9-E6FE-4BEB-8964-25BCD02B8AC5}"
EndProject
Project("{FAE04EC0-301F-11D3-BF4B-00C04F79EFBC}") = "HotelReservation", "HotelReservation\HotelReservation.csproj", "{AC093441-D80F-4E1D-B13A-B6EE9FE7A224}"
EndProject
Global
	GlobalSection(SolutionConfigurationPlatforms) = preSolution
		Debug|Any CPU = Debug|Any CPU
		Release|Any CPU = Release|Any CPU
	EndGlobalSection
	GlobalSection(ProjectConfigurationPlatforms) = postSolution
		{919B2C3A-1E63-46D8-8557-D7D26704609C}.Debug|Any CPU.ActiveCfg = Debug|Any CPU
		{919B2C3A-1E63-46D8-8557-D7D26704609C}.Debug|Any CPU.Build.0 = Debug|Any CPU
		{919B2C3A-1E63-46D8-8557-D7D26704609C}.Release|Any CPU.ActiveCfg = Release|Any CPU
		{919B2C3A-1E63-46D8-8557-D7D26704609C}.Release|Any CPU.Build.0 = Release|Any CPU
		{D69C2C3D-3FA3-4375-AEE8-D983FF2E5CA4}.Debug|Any CPU.ActiveCfg = Debug|Any CPU
		{D69C2C3D-3FA3-4375-AEE8-D983FF2E5CA4}.Debug|Any CPU.Build.0 = Debug|Any CPU
		{D69C2C3D-3FA3-4375-AEE8-D983FF2E5CA4}.Release|Any CPU.ActiveCfg = Release|Any CPU
		{D69C2C3D-3FA3-4375-AEE8-D983FF2E5CA4}.Release|Any CPU.Build.0 = Release|Any CPU
		{DB68B1B9-E6FE-4BEB-8964-25BCD02B8AC5}.Debug|Any CPU.ActiveCfg = Debug|Any CPU
		{DB68B1B9-E6FE-4BEB-8964-25BCD02B8AC5}.Debug|Any CPU.Build.0 = Debug|Any CPU
		{DB68B1B9-E6FE-4BEB-8964-25BCD02B8AC5}.Release|Any CPU.ActiveCfg = Release|Any CPU
		{DB68B1B9-E6FE-4BEB-8964-25BCD02B8AC5}.Release|Any CPU.Build.0 = Release|Any CPU
		{AC093441-D80F-4E1D-B13A-B6EE9FE7A224}.Debug|Any CPU.ActiveCfg = Debug|Any CPU
		{AC093441-D80F-4E1D-B13A-B6EE9FE7A224}.Debug|Any CPU.Build.0 = Debug|Any CPU
		{AC093441-D80F-4E1D-B13A-B6EE9FE7A224}.Release|Any CPU.ActiveCfg = Release|Any CPU
		{AC093441-D80F-4E1D-B13A-B6EE9FE7A224}.Release|Any CPU.Build.0 = Release|Any CPU
	EndGlobalSection
	GlobalSection(SolutionProperties) = preSolution
		HideSolutionNode = FALSE
	EndGlobalSection
	GlobalSection(ExtensibilityGlobals) = postSolution
		SolutionGuid = {2E76E47D-A160-48EC-A67B-6D3BEC86D669}
	EndGlobalSection
EndGlobal
